
Microsoft Visual Studio Solution File, Format Version 12.00
# Visual Studio 2013
VisualStudioVersion = 12.0.30110.0
MinimumVisualStudioVersion = 10.0.40219.1
Project("{8BC9CEB8-8B4A-11D0-8D11-00A0C91BC942}") = "mapviewer", "wadloader\wadloader.vcxproj", "{11131C9C-93C2-451D-B4E8-BD7555DDC23F}"
EndProject
Project("{8BC9CEB8-8B4A-11D0-8D11-00A0C91BC942}") = "wadlib", "wadlib\wadlib.vcxproj", "{5151A068-0834-4DCC-800A-364879F4B1EA}"
EndProject
Project("{8BC9CEB8-8B4A-11D0-8D11-00A0C91BC942}") = "ogreexport", "ogreexport\ogreexport.vcxproj", "{331899C7-4866-49CE-A0F8-A693404898F3}"
EndProject
Project("{8BC9CEB8-8B4A-11D0-8D11-00A0C91BC942}") = "ogreexportlib", "ogreexportlib\ogreexportlib.vcxproj", "{44F04C73-F3EA-4DF9-AC65-E7632F9864B1}"
EndProject
Global
	GlobalSection(SolutionConfigurationPlatforms) = preSolution
		Debug|Win32 = Debug|Win32
		Release|Win32 = Release|Win32
	EndGlobalSection
	GlobalSection(ProjectConfigurationPlatforms) = postSolution
		{11131C9C-93C2-451D-B4E8-BD7555DDC23F}.Debug|Win32.ActiveCfg = Debug|Win32
		{11131C9C-93C2-451D-B4E8-BD7555DDC23F}.Debug|Win32.Build.0 = Debug|Win32
		{11131C9C-93C2-451D-B4E8-BD7555DDC23F}.Release|Win32.ActiveCfg = Release|Win32
		{11131C9C-93C2-451D-B4E8-BD7555DDC23F}.Release|Win32.Build.0 = Release|Win32
		{5151A068-0834-4DCC-800A-364879F4B1EA}.Debug|Win32.ActiveCfg = Debug|Win32
		{5151A068-0834-4DCC-800A-364879F4B1EA}.Debug|Win32.Build.0 = Debug|Win32
		{5151A068-0834-4DCC-800A-364879F4B1EA}.Release|Win32.ActiveCfg = Release|Win32
		{5151A068-0834-4DCC-800A-364879F4B1EA}.Release|Win32.Build.0 = Release|Win32
		{331899C7-4866-49CE-A0F8-A693404898F3}.Debug|Win32.ActiveCfg = Debug|Win32
		{331899C7-4866-49CE-A0F8-A693404898F3}.Debug|Win32.Build.0 = Debug|Win32
		{331899C7-4866-49CE-A0F8-A693404898F3}.Release|Win32.ActiveCfg = Release|Win32
		{331899C7-4866-49CE-A0F8-A693404898F3}.Release|Win32.Build.0 = Release|Win32
		{44F04C73-F3EA-4DF9-AC65-E7632F9864B1}.Debug|Win32.ActiveCfg = Debug|Win32
		{44F04C73-F3EA-4DF9-AC65-E7632F9864B1}.Debug|Win32.Build.0 = Debug|Win32
		{44F04C73-F3EA-4DF9-AC65-E7632F9864B1}.Release|Win32.ActiveCfg = Release|Win32
		{44F04C73-F3EA-4DF9-AC65-E7632F9864B1}.Release|Win32.Build.0 = Release|Win32
	EndGlobalSection
	GlobalSection(SolutionProperties) = preSolution
		HideSolutionNode = FALSE
	EndGlobalSection
EndGlobal
